<?xml version="1.0" encoding="utf-8"?>
<Project ToolsVersion="4.0" xmlns="http://schemas.microsoft.com/developer/msbuild/2003">
  <ItemGroup>
    <Filter Include="ソース ファイル">
      <UniqueIdentifier>{4FC737F1-C7A5-4376-A066-2A32D752A2FF}</UniqueIdentifier>
      <Extensions>cpp;c;cc;cxx;c++;cppm;ixx;def;odl;idl;hpj;bat;asm;asmx</Extensions>
    </Filter>
    <Filter Include="ヘッダー ファイル">
      <UniqueIdentifier>{93995380-89BD-4b04-88EB-625FBE52EBFB}</UniqueIdentifier>
      <Extensions>h;hh;hpp;hxx;h++;hm;inl;inc;ipp;xsd</Extensions>
    </Filter>
    <Filter Include="リソース ファイル">
      <UniqueIdentifier>{67DA6AB6-F800-4c08-8B7A-83BB121AAD01}</UniqueIdentifier>
      <Extensions>rc;ico;cur;bmp;dlg;rc2;rct;bin;rgs;gif;jpg;jpeg;jpe;resx;tiff;tif;png;wav;mfcribbon-ms</Extensions>
    </Filter>
    <Filter Include="Win32">
      <UniqueIdentifier>{81f2fb8f-5dcf-4b55-9b4d-aa1d3f223c29}</UniqueIdentifier>
    </Filter>
    <Filter Include="Direct3D11">
      <UniqueIdentifier>{556f4b62-aabc-4e70-9965-4ac685c9ddb3}</UniqueIdentifier>
    </Filter>
    <Filter Include="GameObject">
      <UniqueIdentifier>{df386441-bcd3-45b0-9338-946c1447318d}</UniqueIdentifier>
    </Filter>
    <Filter Include="Loader">
      <UniqueIdentifier>{c28fd029-c1db-4a64-9fbb-0e8dc256ba6d}</UniqueIdentifier>
    </Filter>
  </ItemGroup>
  <ItemGroup>
    <ClCompile Include="WinMain.cpp">
      <Filter>ソース ファイル</Filter>
    </ClCompile>
    <ClCompile Include="src\cWindowManager.cpp">
      <Filter>Win32</Filter>
    </ClCompile>
    <ClCompile Include="src\Direct3D11\cDirect3D.cpp">
      <Filter>Direct3D11</Filter>
    </ClCompile>
    <ClCompile Include="src\Direct3D11\IndexBuffer.cpp">
      <Filter>Direct3D11</Filter>
    </ClCompile>
    <ClCompile Include="src\Direct3D11\PixelShader.cpp">
      <Filter>Direct3D11</Filter>
    </ClCompile>
    <ClCompile Include="src\Direct3D11\RenderTergetView.cpp">
      <Filter>Direct3D11</Filter>
    </ClCompile>
    <ClCompile Include="src\Direct3D11\VertexShader.cpp">
      <Filter>Direct3D11</Filter>
    </ClCompile>
    <ClCompile Include="src\GameObject.cpp">
      <Filter>GameObject</Filter>
    </ClCompile>
    <ClCompile Include="src\ModelLoader.cpp">
      <Filter>Loader</Filter>
    </ClCompile>
    <ClCompile Include="src\PMXLoader.cpp">
      <Filter>Loader</Filter>
    </ClCompile>
  </ItemGroup>
  <ItemGroup>
    <ClInclude Include="src\cWindowManager.h">
      <Filter>Win32</Filter>
    </ClInclude>
    <ClInclude Include="src\Direct3D11\cDirect3D.h">
      <Filter>Direct3D11</Filter>
    </ClInclude>
    <ClInclude Include="src\Direct3D11\ConstantBuffer.h">
      <Filter>Direct3D11</Filter>
    </ClInclude>
    <ClInclude Include="src\Direct3D11\IndexBuffer.h">
      <Filter>Direct3D11</Filter>
    </ClInclude>
    <ClInclude Include="src\Direct3D11\PixelShader.h">
      <Filter>Direct3D11</Filter>
    </ClInclude>
    <ClInclude Include="src\Direct3D11\RenderTergetView.h">
      <Filter>Direct3D11</Filter>
    </ClInclude>
    <ClInclude Include="src\Direct3D11\VertexBuffer.h">
      <Filter>Direct3D11</Filter>
    </ClInclude>
    <ClInclude Include="src\Direct3D11\VertexShader.h">
      <Filter>Direct3D11</Filter>
    </ClInclude>
    <ClInclude Include="src\GameObject.h">
      <Filter>GameObject</Filter>
    </ClInclude>
    <ClInclude Include="src\ModelLoader.h">
      <Filter>Loader</Filter>
    </ClInclude>
    <ClInclude Include="src\PMXLoader.h">
      <Filter>Loader</Filter>
    </ClInclude>
  </ItemGroup>
</Project>