
Microsoft Visual Studio Solution File, Format Version 12.00
# Visual Studio Version 17
VisualStudioVersion = 17.4.33213.308
MinimumVisualStudioVersion = 10.0.40219.1
Project("{8BC9CEB8-8B4A-11D0-8D11-00A0C91BC942}") = "KaleidoscopeProject", "KaleidoscopeProject.vcxproj", "{D73F6AA1-E3A1-448B-BEAC-A8A885E54E2D}"
EndProject
Global
	GlobalSection(SolutionConfigurationPlatforms) = preSolution
		Debug|x64 = Debug|x64
		Debug|x86 = Debug|x86
		Release|x64 = Release|x64
		Release|x86 = Release|x86
	EndGlobalSection
	GlobalSection(ProjectConfigurationPlatforms) = postSolution
		{D73F6AA1-E3A1-448B-BEAC-A8A885E54E2D}.Debug|x64.ActiveCfg = Debug|x64
		{D73F6AA1-E3A1-448B-BEAC-A8A885E54E2D}.Debug|x64.Build.0 = Debug|x64
		{D73F6AA1-E3A1-448B-BEAC-A8A885E54E2D}.Debug|x86.ActiveCfg = Debug|Win32
		{D73F6AA1-E3A1-448B-BEAC-A8A885E54E2D}.Debug|x86.Build.0 = Debug|Win32
		{D73F6AA1-E3A1-448B-BEAC-A8A885E54E2D}.Release|x64.ActiveCfg = Release|x64
		{D73F6AA1-E3A1-448B-BEAC-A8A885E54E2D}.Release|x64.Build.0 = Release|x64
		{D73F6AA1-E3A1-448B-BEAC-A8A885E54E2D}.Release|x86.ActiveCfg = Release|Win32
		{D73F6AA1-E3A1-448B-BEAC-A8A885E54E2D}.Release|x86.Build.0 = Release|Win32
	EndGlobalSection
	GlobalSection(SolutionProperties) = preSolution
		HideSolutionNode = FALSE
	EndGlobalSection
	GlobalSection(ExtensibilityGlobals) = postSolution
		SolutionGuid = {EAB027FF-FEA6-4114-A660-2EDD6B7BCB5D}
	EndGlobalSection
EndGlobal
