
Microsoft Visual Studio Solution File, Format Version 12.00
# Visual Studio Version 17
VisualStudioVersion = 17.4.33213.308
MinimumVisualStudioVersion = 10.0.40219.1
Project("{FAE04EC0-301F-11D3-BF4B-00C04F79EFBC}") = "Avalon", "Avalon.csproj", "{BA1B84E5-6EC9-4C28-8945-046589AA9333}"
EndProject
Global
	GlobalSection(SolutionConfigurationPlatforms) = preSolution
		Debug|Any CPU = Debug|Any CPU
		Release|Any CPU = Release|Any CPU
	EndGlobalSection
	GlobalSection(ProjectConfigurationPlatforms) = postSolution
		{BA1B84E5-6EC9-4C28-8945-046589AA9333}.Debug|Any CPU.ActiveCfg = Debug|Any CPU
		{BA1B84E5-6EC9-4C28-8945-046589AA9333}.Debug|Any CPU.Build.0 = Debug|Any CPU
		{BA1B84E5-6EC9-4C28-8945-046589AA9333}.Release|Any CPU.ActiveCfg = Release|Any CPU
		{BA1B84E5-6EC9-4C28-8945-046589AA9333}.Release|Any CPU.Build.0 = Release|Any CPU
	EndGlobalSection
	GlobalSection(SolutionProperties) = preSolution
		HideSolutionNode = FALSE
	EndGlobalSection
	GlobalSection(ExtensibilityGlobals) = postSolution
		SolutionGuid = {0000A0BC-D0AB-442B-B074-F4A69BC41FBE}
	EndGlobalSection
EndGlobal
