<?xml version="1.0" encoding="utf-8"?>
<Project ToolsVersion="4.0" xmlns="http://schemas.microsoft.com/developer/msbuild/2003">
  <ItemGroup>
    <Filter Include="ソース ファイル">
      <UniqueIdentifier>{4FC737F1-C7A5-4376-A066-2A32D752A2FF}</UniqueIdentifier>
      <Extensions>cpp;c;cc;cxx;c++;cppm;ixx;def;odl;idl;hpj;bat;asm;asmx</Extensions>
    </Filter>
    <Filter Include="ヘッダー ファイル">
      <UniqueIdentifier>{93995380-89BD-4b04-88EB-625FBE52EBFB}</UniqueIdentifier>
      <Extensions>h;hh;hpp;hxx;h++;hm;inl;inc;ipp;xsd</Extensions>
    </Filter>
    <Filter Include="リソース ファイル">
      <UniqueIdentifier>{67DA6AB6-F800-4c08-8B7A-83BB121AAD01}</UniqueIdentifier>
      <Extensions>rc;ico;cur;bmp;dlg;rc2;rct;bin;rgs;gif;jpg;jpeg;jpe;resx;tiff;tif;png;wav;mfcribbon-ms</Extensions>
    </Filter>
    <Filter Include="Direct3D11">
      <UniqueIdentifier>{acaa4c01-eb36-43b9-9ee5-09e986c743de}</UniqueIdentifier>
    </Filter>
    <Filter Include="Direct3D11\IndexBuffer">
      <UniqueIdentifier>{2ea17648-5988-4d12-8c80-82d2180b4d29}</UniqueIdentifier>
    </Filter>
    <Filter Include="Direct3D11\ConstantBuffer">
      <UniqueIdentifier>{70113a55-7993-4220-afe3-f8236878814c}</UniqueIdentifier>
    </Filter>
    <Filter Include="Direct3D11\PixelShader">
      <UniqueIdentifier>{b62519c4-2bae-4683-ad83-07a23332e96f}</UniqueIdentifier>
    </Filter>
    <Filter Include="Direct3D11\VertexBuffer">
      <UniqueIdentifier>{9809e4e4-bede-4ee8-add9-a4e7596e5575}</UniqueIdentifier>
    </Filter>
    <Filter Include="Direct3D11\VertexShader">
      <UniqueIdentifier>{c8591bd5-ca29-447a-bb6a-582e52520873}</UniqueIdentifier>
    </Filter>
    <Filter Include="Direct3D11\RenderTergetView">
      <UniqueIdentifier>{3319cc41-f2d7-40a7-b238-69fd60fb47fe}</UniqueIdentifier>
    </Filter>
    <Filter Include="IMGUI">
      <UniqueIdentifier>{bd5cb5f9-3f63-4da7-9a24-34352c40ab56}</UniqueIdentifier>
    </Filter>
    <Filter Include="GUI">
      <UniqueIdentifier>{4da823de-de4d-4023-a17d-36eb9c9670cc}</UniqueIdentifier>
    </Filter>
    <Filter Include="GUI\Host">
      <UniqueIdentifier>{0ba1d8cd-74d6-4571-a4cf-1dcd592d1d0f}</UniqueIdentifier>
    </Filter>
    <Filter Include="GUI\Inspecter">
      <UniqueIdentifier>{2013769e-45fa-4220-9cf3-0478bbeaaab3}</UniqueIdentifier>
    </Filter>
    <Filter Include="GLFW">
      <UniqueIdentifier>{300b181c-3b68-4c69-b21c-2b9483397654}</UniqueIdentifier>
    </Filter>
    <Filter Include="GUI\GUIWindowManager">
      <UniqueIdentifier>{2141baff-8b45-402f-a8bc-0d4f4fe36615}</UniqueIdentifier>
    </Filter>
    <Filter Include="GUI\Window">
      <UniqueIdentifier>{8aea92d1-b087-43f1-a699-e4d5854a5ca2}</UniqueIdentifier>
    </Filter>
    <Filter Include="GUI\Hierarchy">
      <UniqueIdentifier>{5abcaad3-7f8b-4ee1-99ab-28d3483bff90}</UniqueIdentifier>
    </Filter>
    <Filter Include="GUI\Assets">
      <UniqueIdentifier>{125359cb-0b35-4e8d-b10c-6c44fb15e9e1}</UniqueIdentifier>
    </Filter>
    <Filter Include="GUI\Game">
      <UniqueIdentifier>{48f90319-32e3-40d8-9d62-9ff3d940986c}</UniqueIdentifier>
    </Filter>
    <Filter Include="GUI\Scene">
      <UniqueIdentifier>{3841c316-a469-46d6-8e75-8b0534826e63}</UniqueIdentifier>
    </Filter>
    <Filter Include="Direct3D11\D3D11RenderingEngin">
      <UniqueIdentifier>{bd73cb09-e8db-44e0-b0bd-a5878ba7c853}</UniqueIdentifier>
    </Filter>
    <Filter Include="object">
      <UniqueIdentifier>{60469119-7bf1-4e5f-b935-cb7e4cf6e647}</UniqueIdentifier>
    </Filter>
    <Filter Include="SceneManager">
      <UniqueIdentifier>{bafd6b02-02f4-4ccb-b7b7-064701194016}</UniqueIdentifier>
    </Filter>
  </ItemGroup>
  <ItemGroup>
    <ClCompile Include="src\WinMain.cpp">
      <Filter>ソース ファイル</Filter>
    </ClCompile>
    <ClCompile Include="src\Direct3D11\cDirect3D.cpp">
      <Filter>Direct3D11</Filter>
    </ClCompile>
    <ClCompile Include="src\Direct3D11\IndexBuffer.cpp">
      <Filter>Direct3D11\IndexBuffer</Filter>
    </ClCompile>
    <ClCompile Include="src\Direct3D11\PixelShader.cpp">
      <Filter>Direct3D11\PixelShader</Filter>
    </ClCompile>
    <ClCompile Include="src\Direct3D11\VertexShader.cpp">
      <Filter>Direct3D11\VertexShader</Filter>
    </ClCompile>
    <ClCompile Include="src\Direct3D11\RenderTergetView.cpp">
      <Filter>Direct3D11\RenderTergetView</Filter>
    </ClCompile>
    <ClCompile Include="src\IMGUI\imgui.cpp">
      <Filter>IMGUI</Filter>
    </ClCompile>
    <ClCompile Include="src\IMGUI\imgui_draw.cpp">
      <Filter>IMGUI</Filter>
    </ClCompile>
    <ClCompile Include="src\IMGUI\imgui_tables.cpp">
      <Filter>IMGUI</Filter>
    </ClCompile>
    <ClCompile Include="src\IMGUI\imgui_widgets.cpp">
      <Filter>IMGUI</Filter>
    </ClCompile>
    <ClCompile Include="src\GUI\WindowHost.cpp">
      <Filter>GUI\Host</Filter>
    </ClCompile>
    <ClCompile Include="src\GLFW\GLFWWindow.cpp">
      <Filter>GLFW</Filter>
    </ClCompile>
    <ClCompile Include="src\IMGUI\imgui_impl_glfw.cpp">
      <Filter>IMGUI</Filter>
    </ClCompile>
    <ClCompile Include="src\IMGUI\imgui_impl_opengl3.cpp">
      <Filter>IMGUI</Filter>
    </ClCompile>
    <ClCompile Include="src\GUI\GuiWindowManager.cpp">
      <Filter>GUI\GUIWindowManager</Filter>
    </ClCompile>
    <ClCompile Include="src\GUI\InspecterView.cpp">
      <Filter>GUI\Inspecter</Filter>
    </ClCompile>
    <ClCompile Include="src\GUI\HierarchyView.cpp">
      <Filter>GUI\Hierarchy</Filter>
    </ClCompile>
    <ClCompile Include="src\GUI\AssetsView.cpp">
      <Filter>GUI\Assets</Filter>
    </ClCompile>
    <ClCompile Include="src\GUI\GameView.cpp">
      <Filter>GUI\Game</Filter>
    </ClCompile>
    <ClCompile Include="src\GUI\SceneView.cpp">
      <Filter>GUI\Scene</Filter>
    </ClCompile>
    <ClCompile Include="src\Direct3D11\D3D11RenderingEngin.cpp">
      <Filter>Direct3D11\D3D11RenderingEngin</Filter>
    </ClCompile>
    <ClCompile Include="src\object\GameObject.cpp">
      <Filter>object</Filter>
    </ClCompile>
    <ClCompile Include="src\SceneManager\SceneManager.cpp">
      <Filter>SceneManager</Filter>
    </ClCompile>
  </ItemGroup>
  <ItemGroup>
    <ClInclude Include="src\Direct3D11\cDirect3D.h">
      <Filter>Direct3D11</Filter>
    </ClInclude>
    <ClInclude Include="src\Direct3D11\IndexBuffer.h">
      <Filter>Direct3D11\IndexBuffer</Filter>
    </ClInclude>
    <ClInclude Include="src\Direct3D11\ConstantBuffer.h">
      <Filter>Direct3D11\ConstantBuffer</Filter>
    </ClInclude>
    <ClInclude Include="src\Direct3D11\PixelShader.h">
      <Filter>Direct3D11\PixelShader</Filter>
    </ClInclude>
    <ClInclude Include="src\Direct3D11\VertexBuffer.h">
      <Filter>Direct3D11\VertexBuffer</Filter>
    </ClInclude>
    <ClInclude Include="src\Direct3D11\VertexShader.h">
      <Filter>Direct3D11\VertexShader</Filter>
    </ClInclude>
    <ClInclude Include="src\Direct3D11\RenderTergetView.h">
      <Filter>Direct3D11\RenderTergetView</Filter>
    </ClInclude>
    <ClInclude Include="src\IMGUI\imconfig.h">
      <Filter>IMGUI</Filter>
    </ClInclude>
    <ClInclude Include="src\IMGUI\imgui.h">
      <Filter>IMGUI</Filter>
    </ClInclude>
    <ClInclude Include="src\IMGUI\imgui_internal.h">
      <Filter>IMGUI</Filter>
    </ClInclude>
    <ClInclude Include="src\IMGUI\imstb_rectpack.h">
      <Filter>IMGUI</Filter>
    </ClInclude>
    <ClInclude Include="src\IMGUI\imstb_textedit.h">
      <Filter>IMGUI</Filter>
    </ClInclude>
    <ClInclude Include="src\IMGUI\imstb_truetype.h">
      <Filter>IMGUI</Filter>
    </ClInclude>
    <ClInclude Include="src\GUI\WindowHost.h">
      <Filter>GUI\Host</Filter>
    </ClInclude>
    <ClInclude Include="src\GLFW\GLFWWindow.h">
      <Filter>GLFW</Filter>
    </ClInclude>
    <ClInclude Include="src\IMGUI\imgui_impl_glfw.h">
      <Filter>IMGUI</Filter>
    </ClInclude>
    <ClInclude Include="src\IMGUI\imgui_impl_opengl3.h">
      <Filter>IMGUI</Filter>
    </ClInclude>
    <ClInclude Include="src\GUI\Window.h">
      <Filter>GUI\Window</Filter>
    </ClInclude>
    <ClInclude Include="src\GUI\GuiWindowManager.h">
      <Filter>GUI\GUIWindowManager</Filter>
    </ClInclude>
    <ClInclude Include="src\GUI\InspecterView.h">
      <Filter>GUI\Inspecter</Filter>
    </ClInclude>
    <ClInclude Include="src\GUI\HierarchyView.h">
      <Filter>GUI\Hierarchy</Filter>
    </ClInclude>
    <ClInclude Include="src\GUI\AssetsView.h">
      <Filter>GUI\Assets</Filter>
    </ClInclude>
    <ClInclude Include="src\GUI\GameView.h">
      <Filter>GUI\Game</Filter>
    </ClInclude>
    <ClInclude Include="src\GUI\SceneView.h">
      <Filter>GUI\Scene</Filter>
    </ClInclude>
    <ClInclude Include="src\Direct3D11\D3D11RenderingEngin.h">
      <Filter>Direct3D11\D3D11RenderingEngin</Filter>
    </ClInclude>
    <ClInclude Include="src\object\GameObject.h">
      <Filter>object</Filter>
    </ClInclude>
    <ClInclude Include="src\SceneManager\SceneManager.h">
      <Filter>SceneManager</Filter>
    </ClInclude>
  </ItemGroup>
</Project>